
Microsoft Visual Studio Solution File, Format Version 12.00
# Visual Studio Version 16
VisualStudioVersion = 16.0.32002.261
MinimumVisualStudioVersion = 10.0.40219.1
Project("{FAE04EC0-301F-11D3-BF4B-00C04F79EFBC}") = "PIS_projekt", "PIS_projekt\PIS_projekt.csproj", "{B2B14BEE-FB16-4203-9941-497A09424357}"
EndProject
Global
	GlobalSection(SolutionConfigurationPlatforms) = preSolution
		Debug|Any CPU = Debug|Any CPU
		Release|Any CPU = Release|Any CPU
	EndGlobalSection
	GlobalSection(ProjectConfigurationPlatforms) = postSolution
		{B2B14BEE-FB16-4203-9941-497A09424357}.Debug|Any CPU.ActiveCfg = Debug|Any CPU
		{B2B14BEE-FB16-4203-9941-497A09424357}.Debug|Any CPU.Build.0 = Debug|Any CPU
		{B2B14BEE-FB16-4203-9941-497A09424357}.Release|Any CPU.ActiveCfg = Release|Any CPU
		{B2B14BEE-FB16-4203-9941-497A09424357}.Release|Any CPU.Build.0 = Release|Any CPU
	EndGlobalSection
	GlobalSection(SolutionProperties) = preSolution
		HideSolutionNode = FALSE
	EndGlobalSection
	GlobalSection(ExtensibilityGlobals) = postSolution
		SolutionGuid = {37D5FD81-F315-40B0-B619-8A5B94AF0995}
	EndGlobalSection
EndGlobal
